// !$*UTF8*$!
{
	archiveVersion = 1;
	classes = {
	};
	objectVersion = 77;
	objects = {

/* Begin PBXBuildFile section */
		0C56506D300152A00079AABB /* README.md in Resources */ = {isa = PBXBuildFile; fileRef = 0C56506C300152A00079AABB /* README.md */; };
		4D0C7B9A3C1E4D2C8A0F0001 /* MLXLLM in Frameworks */ = {isa = PBXBuildFile; productRef = 4D0C7B993C1E4D2C8A0F0001 /* MLXLLM */; };
		4D0C7B9A3C1E4D2C8A0F0002 /* MLXLMCommon in Frameworks */ = {isa = PBXBuildFile; productRef = 4D0C7B993C1E4D2C8A0F0002 /* MLXLMCommon */; };
		4D0C7B9A3C1E4D2C8A0F0003 /* MLXHuggingFace in Frameworks */ = {isa = PBXBuildFile; productRef = 4D0C7B993C1E4D2C8A0F0003 /* MLXHuggingFace */; };
		4D0C7B9A3C1E4D2C8A0F0004 /* HuggingFace in Frameworks */ = {isa = PBXBuildFile; productRef = 4D0C7B993C1E4D2C8A0F0004 /* HuggingFace */; };
		4D0C7B9A3C1E4D2C8A0F0005 /* Tokenizers in Frameworks */ = {isa = PBXBuildFile; productRef = 4D0C7B993C1E4D2C8A0F0005 /* Tokenizers */; };
/* End PBXBuildFile section */

/* Begin PBXFileReference section */
		0C3B37AE2FD1CF730062165A /* MLX-SwiftUI.app */ = {isa = PBXFileReference; explicitFileType = wrapper.application; includeInIndex = 0; path = "MLX-SwiftUI.app"; sourceTree = BUILT_PRODUCTS_DIR; };
		0C56506C300152A00079AABB /* README.md */ = {isa = PBXFileReference; lastKnownFileType = net.daringfireball.markdown; path = README.md; sourceTree = "<group>"; };
		0C5E649D30113C9B00EF2A32 /* .swiftlint.yml */ = {isa = PBXFileReference; lastKnownFileType = sourcecode.swift; path = .swiftlint.yml; sourceTree = "<group>"; };
		4D1A100A3C1E4D2C8A0F0101 /* Secrets.xcconfig */ = {isa = PBXFileReference; lastKnownFileType = text.xcconfig; path = Secrets.xcconfig; sourceTree = "<group>"; };
/* End PBXFileReference section */

/* Begin PBXFileSystemSynchronizedBuildFileExceptionSet section */
		0C35EDE22FFD5F160004A005 /* Exceptions for "MLX-SwiftUI" folder in "MLX-SwiftUI" target */ = {
			isa = PBXFileSystemSynchronizedBuildFileExceptionSet;
			membershipExceptions = (
				Info.plist,
			);
			target = 0C3B37AD2FD1CF730062165A /* MLX-SwiftUI */;
		};
/* End PBXFileSystemSynchronizedBuildFileExceptionSet section */

/* Begin PBXFileSystemSynchronizedRootGroup section */
		0C3B37B02FD1CF730062165A /* MLX-SwiftUI */ = {
			isa = PBXFileSystemSynchronizedRootGroup;
			exceptions = (
				0C35EDE22FFD5F160004A005 /* Exceptions for "MLX-SwiftUI" folder in "MLX-SwiftUI" target */,
			);
			path = "MLX-SwiftUI";
			sourceTree = "<group>";
		};
		0CAA868E3007F8DE003D8F7F /* .github */ = {
			isa = PBXFileSystemSynchronizedRootGroup;
			path = .github;
			sourceTree = "<group>";
		};
/* End PBXFileSystemSynchronizedRootGroup section */

/* Begin PBXFrameworksBuildPhase section */
		0C3B37AB2FD1CF730062165A /* Frameworks */ = {
			isa = PBXFrameworksBuildPhase;
			buildActionMask = 2147483647;
			files = (
				4D0C7B9A3C1E4D2C8A0F0001 /* MLXLLM in Frameworks */,
				4D0C7B9A3C1E4D2C8A0F0002 /* MLXLMCommon in Frameworks */,
				4D0C7B9A3C1E4D2C8A0F0003 /* MLXHuggingFace in Frameworks */,
				4D0C7B9A3C1E4D2C8A0F0004 /* HuggingFace in Frameworks */,
				4D0C7B9A3C1E4D2C8A0F0005 /* Tokenizers in Frameworks */,
			);
			runOnlyForDeploymentPostprocessing = 0;
		};
/* End PBXFrameworksBuildPhase section */

/* Begin PBXGroup section */
		0C3B37A52FD1CF730062165A = {
			isa = PBXGroup;
			children = (
				0C5E649D30113C9B00EF2A32 /* .swiftlint.yml */,
				0CAA868E3007F8DE003D8F7F /* .github */,
				0C56506C300152A00079AABB /* README.md */,
				4D1A100A3C1E4D2C8A0F0103 /* Config */,
				0C3B37B02FD1CF730062165A /* MLX-SwiftUI */,
				0C3B37AF2FD1CF730062165A /* Products */,
			);
			sourceTree = "<group>";
		};
		0C3B37AF2FD1CF730062165A /* Products */ = {
			isa = PBXGroup;
			children = (
				0C3B37AE2FD1CF730062165A /* MLX-SwiftUI.app */,
			);
			name = Products;
			sourceTree = "<group>";
		};
		4D1A100A3C1E4D2C8A0F0103 /* Config */ = {
			isa = PBXGroup;
			children = (
				4D1A100A3C1E4D2C8A0F0101 /* Secrets.xcconfig */,
			);
			name = Config;
			sourceTree = "<group>";
		};
/* End PBXGroup section */

/* Begin PBXNativeTarget section */
		0C3B37AD2FD1CF730062165A /* MLX-SwiftUI */ = {
			isa = PBXNativeTarget;
			buildConfigurationList = 0C3B37B92FD1CF740062165A /* Build configuration list for PBXNativeTarget "MLX-SwiftUI" */;
			buildPhases = (
				0C5E649C30111E5B00EF2A32 /* Run Swiftlint */,
				0C3B37AA2FD1CF730062165A /* Sources */,
				0C3B37AB2FD1CF730062165A /* Frameworks */,
				0C3B37AC2FD1CF730062165A /* Resources */,
			);
			buildRules = (
			);
			dependencies = (
			);
			fileSystemSynchronizedGroups = (
				0C3B37B02FD1CF730062165A /* MLX-SwiftUI */,
				0CAA868E3007F8DE003D8F7F /* .github */,
			);
			name = "MLX-SwiftUI";
			packageProductDependencies = (
				4D0C7B993C1E4D2C8A0F0001 /* MLXLLM */,
				4D0C7B993C1E4D2C8A0F0002 /* MLXLMCommon */,
				4D0C7B993C1E4D2C8A0F0003 /* MLXHuggingFace */,
				4D0C7B993C1E4D2C8A0F0004 /* HuggingFace */,
				4D0C7B993C1E4D2C8A0F0005 /* Tokenizers */,
			);
			productName = "MLX-SwiftUI";
			productReference = 0C3B37AE2FD1CF730062165A /* MLX-SwiftUI.app */;
			productType = "com.apple.product-type.application";
		};
/* End PBXNativeTarget section */

/* Begin PBXProject section */
		0C3B37A62FD1CF730062165A /* Project object */ = {
			isa = PBXProject;
			attributes = {
				BuildIndependentTargetsInParallel = 1;
				LastSwiftUpdateCheck = 2600;
				LastUpgradeCheck = 2600;
				TargetAttributes = {
					0C3B37AD2FD1CF730062165A = {
						CreatedOnToolsVersion = 26.0.1;
					};
				};
			};
			buildConfigurationList = 0C3B37A92FD1CF730062165A /* Build configuration list for PBXProject "MLX-SwiftUI" */;
			developmentRegion = en;
			hasScannedForEncodings = 0;
			knownRegions = (
				en,
				Base,
			);
			mainGroup = 0C3B37A52FD1CF730062165A;
			minimizedProjectReferenceProxies = 1;
			packageReferences = (
				0C3B37E02FD1E09F0062165A /* XCRemoteSwiftPackageReference "mlx-swift-lm" */,
				4D0C7B983C1E4D2C8A0F0002 /* XCRemoteSwiftPackageReference "swift-huggingface" */,
				4D0C7B983C1E4D2C8A0F0003 /* XCRemoteSwiftPackageReference "swift-transformers" */,
			);
			preferredProjectObjectVersion = 77;
			productRefGroup = 0C3B37AF2FD1CF730062165A /* Products */;
			projectDirPath = "";
			projectRoot = "";
			targets = (
				0C3B37AD2FD1CF730062165A /* MLX-SwiftUI */,
			);
		};
/* End PBXProject section */

/* Begin PBXResourcesBuildPhase section */
		0C3B37AC2FD1CF730062165A /* Resources */ = {
			isa = PBXResourcesBuildPhase;
			buildActionMask = 2147483647;
			files = (
				0C56506D300152A00079AABB /* README.md in Resources */,
			);
			runOnlyForDeploymentPostprocessing = 0;
		};
/* End PBXResourcesBuildPhase section */

/* Begin PBXShellScriptBuildPhase section */
		0C5E649C30111E5B00EF2A32 /* Run Swiftlint */ = {
			isa = PBXShellScriptBuildPhase;
			buildActionMask = 2147483647;
			files = (
			);
			inputFileListPaths = (
			);
			inputPaths = (
			);
			name = "Run Swiftlint";
			outputFileListPaths = (
			);
			outputPaths = (
			);
			runOnlyForDeploymentPostprocessing = 0;
			shellPath = /bin/sh;
			shellScript = "# Type a script or drag a script file from your workspace to insert its path.\nexport PATH=\"/opt/homebrew/bin:/usr/local/bin:$PATH\"\n\nif command -v swiftlint >/dev/null 2>&1;\nthen\n    cd \"$SRCROOT\"\n    swiftlint lint\nelse\n    echo \"warning: SwiftLint is not installed. Run: brew install swiftlint\"\nfi\n";
		};
/* End PBXShellScriptBuildPhase section */

/* Begin PBXSourcesBuildPhase section */
		0C3B37AA2FD1CF730062165A /* Sources */ = {
			isa = PBXSourcesBuildPhase;
			buildActionMask = 2147483647;
			files = (
			);
			runOnlyForDeploymentPostprocessing = 0;
		};
/* End PBXSourcesBuildPhase section */

/* Begin XCBuildConfiguration section */
		0C3B37B72FD1CF740062165A /* Debug */ = {
			isa = XCBuildConfiguration;
			buildSettings = {
				ALWAYS_SEARCH_USER_PATHS = NO;
				ASSETCATALOG_COMPILER_GENERATE_SWIFT_ASSET_SYMBOL_EXTENSIONS = YES;
				CLANG_ANALYZER_NONNULL = YES;
				CLANG_ANALYZER_NUMBER_OBJECT_CONVERSION = YES_AGGRESSIVE;
				CLANG_CXX_LANGUAGE_STANDARD = "gnu++20";
				CLANG_ENABLE_MODULES = YES;
				CLANG_ENABLE_OBJC_ARC = YES;
				CLANG_ENABLE_OBJC_WEAK = YES;
				CLANG_WARN_BLOCK_CAPTURE_AUTORELEASING = YES;
				CLANG_WARN_BOOL_CONVERSION = YES;
				CLANG_WARN_COMMA = YES;
				CLANG_WARN_CONSTANT_CONVERSION = YES;
				CLANG_WARN_DEPRECATED_OBJC_IMPLEMENTATIONS = YES;
				CLANG_WARN_DIRECT_OBJC_ISA_USAGE = YES_ERROR;
				CLANG_WARN_DOCUMENTATION_COMMENTS = YES;
				CLANG_WARN_EMPTY_BODY = YES;
				CLANG_WARN_ENUM_CONVERSION = YES;
				CLANG_WARN_INFINITE_RECURSION = YES;
				CLANG_WARN_INT_CONVERSION = YES;
				CLANG_WARN_NON_LITERAL_NULL_CONVERSION = YES;
				CLANG_WARN_OBJC_IMPLICIT_RETAIN_SELF = YES;
				CLANG_WARN_OBJC_LITERAL_CONVERSION = YES;
				CLANG_WARN_OBJC_ROOT_CLASS = YES_ERROR;
				CLANG_WARN_QUOTED_INCLUDE_IN_FRAMEWORK_HEADER = YES;
				CLANG_WARN_RANGE_LOOP_ANALYSIS = YES;
				CLANG_WARN_STRICT_PROTOTYPES = YES;
				CLANG_WARN_SUSPICIOUS_MOVE = YES;
				CLANG_WARN_UNGUARDED_AVAILABILITY = YES_AGGRESSIVE;
				CLANG_WARN_UNREACHABLE_CODE = YES;
				CLANG_WARN__DUPLICATE_METHOD_MATCH = YES;
				COPY_PHASE_STRIP = NO;
				DEBUG_INFORMATION_FORMAT = dwarf;
				ENABLE_STRICT_OBJC_MSGSEND = YES;
				ENABLE_TESTABILITY = YES;
				ENABLE_USER_SCRIPT_SANDBOXING = YES;
				GCC_C_LANGUAGE_STANDARD = gnu17;
				GCC_DYNAMIC_NO_PIC = NO;
				GCC_NO_COMMON_BLOCKS = YES;
				GCC_OPTIMIZATION_LEVEL = 0;
				GCC_PREPROCESSOR_DEFINITIONS = (
					"DEBUG=1",
					"$(inherited)",
				);
				GCC_WARN_64_TO_32_BIT_CONVERSION = YES;
				GCC_WARN_ABOUT_RETURN_TYPE = YES_ERROR;
				GCC_WARN_UNDECLARED_SELECTOR = YES;
				GCC_WARN_UNINITIALIZED_AUTOS = YES_AGGRESSIVE;
				GCC_WARN_UNUSED_FUNCTION = YES;
				GCC_WARN_UNUSED_VARIABLE = YES;
				IPHONEOS_DEPLOYMENT_TARGET = 26.0;
				LOCALIZATION_PREFERS_STRING_CATALOGS = YES;
				MTL_ENABLE_DEBUG_INFO = INCLUDE_SOURCE;
				MTL_FAST_MATH = YES;
				ONLY_ACTIVE_ARCH = YES;
				SDKROOT = iphoneos;
				SWIFT_ACTIVE_COMPILATION_CONDITIONS = "DEBUG $(inherited)";
				SWIFT_OPTIMIZATION_LEVEL = "-Onone";
			};
			name = Debug;
		};
		0C3B37B82FD1CF740062165A /* Release */ = {
			isa = XCBuildConfiguration;
			buildSettings = {
				ALWAYS_SEARCH_USER_PATHS = NO;
				ASSETCATALOG_COMPILER_GENERATE_SWIFT_ASSET_SYMBOL_EXTENSIONS = YES;
				CLANG_ANALYZER_NONNULL = YES;
				CLANG_ANALYZER_NUMBER_OBJECT_CONVERSION = YES_AGGRESSIVE;
				CLANG_CXX_LANGUAGE_STANDARD = "gnu++20";
				CLANG_ENABLE_MODULES = YES;
				CLANG_ENABLE_OBJC_ARC = YES;
				CLANG_ENABLE_OBJC_WEAK = YES;
				CLANG_WARN_BLOCK_CAPTURE_AUTORELEASING = YES;
				CLANG_WARN_BOOL_CONVERSION = YES;
				CLANG_WARN_COMMA = YES;
				CLANG_WARN_CONSTANT_CONVERSION = YES;
				CLANG_WARN_DEPRECATED_OBJC_IMPLEMENTATIONS = YES;
				CLANG_WARN_DIRECT_OBJC_ISA_USAGE = YES_ERROR;
				CLANG_WARN_DOCUMENTATION_COMMENTS = YES;
				CLANG_WARN_EMPTY_BODY = YES;
				CLANG_WARN_ENUM_CONVERSION = YES;
				CLANG_WARN_INFINITE_RECURSION = YES;
				CLANG_WARN_INT_CONVERSION = YES;
				CLANG_WARN_NON_LITERAL_NULL_CONVERSION = YES;
				CLANG_WARN_OBJC_IMPLICIT_RETAIN_SELF = YES;
				CLANG_WARN_OBJC_LITERAL_CONVERSION = YES;
				CLANG_WARN_OBJC_ROOT_CLASS = YES_ERROR;
				CLANG_WARN_QUOTED_INCLUDE_IN_FRAMEWORK_HEADER = YES;
				CLANG_WARN_RANGE_LOOP_ANALYSIS = YES;
				CLANG_WARN_STRICT_PROTOTYPES = YES;
				CLANG_WARN_SUSPICIOUS_MOVE = YES;
				CLANG_WARN_UNGUARDED_AVAILABILITY = YES_AGGRESSIVE;
				CLANG_WARN_UNREACHABLE_CODE = YES;
				CLANG_WARN__DUPLICATE_METHOD_MATCH = YES;
				COPY_PHASE_STRIP = NO;
				DEBUG_INFORMATION_FORMAT = "dwarf-with-dsym";
				ENABLE_NS_ASSERTIONS = NO;
				ENABLE_STRICT_OBJC_MSGSEND = YES;
				ENABLE_USER_SCRIPT_SANDBOXING = YES;
				GCC_C_LANGUAGE_STANDARD = gnu17;
				GCC_NO_COMMON_BLOCKS = YES;
				GCC_WARN_64_TO_32_BIT_CONVERSION = YES;
				GCC_WARN_ABOUT_RETURN_TYPE = YES_ERROR;
				GCC_WARN_UNDECLARED_SELECTOR = YES;
				GCC_WARN_UNINITIALIZED_AUTOS = YES_AGGRESSIVE;
				GCC_WARN_UNUSED_FUNCTION = YES;
				GCC_WARN_UNUSED_VARIABLE = YES;
				IPHONEOS_DEPLOYMENT_TARGET = 26.0;
				LOCALIZATION_PREFERS_STRING_CATALOGS = YES;
				MTL_ENABLE_DEBUG_INFO = NO;
				MTL_FAST_MATH = YES;
				SDKROOT = iphoneos;
				SWIFT_COMPILATION_MODE = wholemodule;
				VALIDATE_PRODUCT = YES;
			};
			name = Release;
		};
		0C3B37BA2FD1CF740062165A /* Debug */ = {
			isa = XCBuildConfiguration;
			baseConfigurationReference = 4D1A100A3C1E4D2C8A0F0101 /* Secrets.xcconfig */;
			buildSettings = {
				ASSETCATALOG_COMPILER_APPICON_NAME = AppIcon;
				ASSETCATALOG_COMPILER_GLOBAL_ACCENT_COLOR_NAME = AccentColor;
				CODE_SIGN_STYLE = Automatic;
				CURRENT_PROJECT_VERSION = 1;
				DEVELOPMENT_TEAM = GRW9NYZR4G;
				ENABLE_PREVIEWS = YES;
				ENABLE_USER_SCRIPT_SANDBOXING = NO;
				GENERATE_INFOPLIST_FILE = YES;
				INFOPLIST_FILE = "MLX-SwiftUI/Info.plist";
				INFOPLIST_KEY_HF_TOKEN = "$(HF_TOKEN)";
				INFOPLIST_KEY_HuggingFaceToken = "$(HF_TOKEN)";
				INFOPLIST_KEY_UIApplicationSceneManifest_Generation = YES;
				INFOPLIST_KEY_UIApplicationSupportsIndirectInputEvents = YES;
				INFOPLIST_KEY_UILaunchScreen_Generation = YES;
				INFOPLIST_KEY_UISupportedInterfaceOrientations_iPad = "UIInterfaceOrientationPortrait UIInterfaceOrientationPortraitUpsideDown UIInterfaceOrientationLandscapeLeft UIInterfaceOrientationLandscapeRight";
				INFOPLIST_KEY_UISupportedInterfaceOrientations_iPhone = "UIInterfaceOrientationPortrait UIInterfaceOrientationLandscapeLeft UIInterfaceOrientationLandscapeRight";
				LD_RUNPATH_SEARCH_PATHS = (
					"$(inherited)",
					"@executable_path/Frameworks",
				);
				MARKETING_VERSION = 1.0;
				PRODUCT_BUNDLE_IDENTIFIER = "Shakib053.MLX-SwiftUI";
				PRODUCT_NAME = "$(TARGET_NAME)";
				STRING_CATALOG_GENERATE_SYMBOLS = YES;
				SWIFT_APPROACHABLE_CONCURRENCY = YES;
				SWIFT_DEFAULT_ACTOR_ISOLATION = MainActor;
				SWIFT_EMIT_LOC_STRINGS = YES;
				SWIFT_UPCOMING_FEATURE_MEMBER_IMPORT_VISIBILITY = YES;
				SWIFT_VERSION = 5.0;
				TARGETED_DEVICE_FAMILY = "1,2";
			};
			name = Debug;
		};
		0C3B37BB2FD1CF740062165A /* Release */ = {
			isa = XCBuildConfiguration;
			baseConfigurationReference = 4D1A100A3C1E4D2C8A0F0101 /* Secrets.xcconfig */;
			buildSettings = {
				ASSETCATALOG_COMPILER_APPICON_NAME = AppIcon;
				ASSETCATALOG_COMPILER_GLOBAL_ACCENT_COLOR_NAME = AccentColor;
				CODE_SIGN_STYLE = Automatic;
				CURRENT_PROJECT_VERSION = 1;
				DEVELOPMENT_TEAM = GRW9NYZR4G;
				ENABLE_PREVIEWS = YES;
				ENABLE_USER_SCRIPT_SANDBOXING = NO;
				GENERATE_INFOPLIST_FILE = YES;
				INFOPLIST_FILE = "MLX-SwiftUI/Info.plist";
				INFOPLIST_KEY_HF_TOKEN = "$(HF_TOKEN)";
				INFOPLIST_KEY_HuggingFaceToken = "$(HF_TOKEN)";
				INFOPLIST_KEY_UIApplicationSceneManifest_Generation = YES;
				INFOPLIST_KEY_UIApplicationSupportsIndirectInputEvents = YES;
				INFOPLIST_KEY_UILaunchScreen_Generation = YES;
				INFOPLIST_KEY_UISupportedInterfaceOrientations_iPad = "UIInterfaceOrientationPortrait UIInterfaceOrientationPortraitUpsideDown UIInterfaceOrientationLandscapeLeft UIInterfaceOrientationLandscapeRight";
				INFOPLIST_KEY_UISupportedInterfaceOrientations_iPhone = "UIInterfaceOrientationPortrait UIInterfaceOrientationLandscapeLeft UIInterfaceOrientationLandscapeRight";
				LD_RUNPATH_SEARCH_PATHS = (
					"$(inherited)",
					"@executable_path/Frameworks",
				);
				MARKETING_VERSION = 1.0;
				PRODUCT_BUNDLE_IDENTIFIER = "Shakib053.MLX-SwiftUI";
				PRODUCT_NAME = "$(TARGET_NAME)";
				STRING_CATALOG_GENERATE_SYMBOLS = YES;
				SWIFT_APPROACHABLE_CONCURRENCY = YES;
				SWIFT_DEFAULT_ACTOR_ISOLATION = MainActor;
				SWIFT_EMIT_LOC_STRINGS = YES;
				SWIFT_UPCOMING_FEATURE_MEMBER_IMPORT_VISIBILITY = YES;
				SWIFT_VERSION = 5.0;
				TARGETED_DEVICE_FAMILY = "1,2";
			};
			name = Release;
		};
/* End XCBuildConfiguration section */

/* Begin XCConfigurationList section */
		0C3B37A92FD1CF730062165A /* Build configuration list for PBXProject "MLX-SwiftUI" */ = {
			isa = XCConfigurationList;
			buildConfigurations = (
				0C3B37B72FD1CF740062165A /* Debug */,
				0C3B37B82FD1CF740062165A /* Release */,
			);
			defaultConfigurationIsVisible = 0;
			defaultConfigurationName = Release;
		};
		0C3B37B92FD1CF740062165A /* Build configuration list for PBXNativeTarget "MLX-SwiftUI" */ = {
			isa = XCConfigurationList;
			buildConfigurations = (
				0C3B37BA2FD1CF740062165A /* Debug */,
				0C3B37BB2FD1CF740062165A /* Release */,
			);
			defaultConfigurationIsVisible = 0;
			defaultConfigurationName = Release;
		};
/* End XCConfigurationList section */

/* Begin XCRemoteSwiftPackageReference section */
		0C3B37E02FD1E09F0062165A /* XCRemoteSwiftPackageReference "mlx-swift-lm" */ = {
			isa = XCRemoteSwiftPackageReference;
			repositoryURL = "https://github.com/ml-explore/mlx-swift-lm";
			requirement = {
				kind = upToNextMajorVersion;
				minimumVersion = 3.31.3;
			};
		};
		4D0C7B983C1E4D2C8A0F0002 /* XCRemoteSwiftPackageReference "swift-huggingface" */ = {
			isa = XCRemoteSwiftPackageReference;
			repositoryURL = "https://github.com/huggingface/swift-huggingface";
			requirement = {
				kind = upToNextMajorVersion;
				minimumVersion = 0.9.0;
			};
		};
		4D0C7B983C1E4D2C8A0F0003 /* XCRemoteSwiftPackageReference "swift-transformers" */ = {
			isa = XCRemoteSwiftPackageReference;
			repositoryURL = "https://github.com/huggingface/swift-transformers";
			requirement = {
				kind = upToNextMajorVersion;
				minimumVersion = 1.3.0;
			};
		};
/* End XCRemoteSwiftPackageReference section */

/* Begin XCSwiftPackageProductDependency section */
		4D0C7B993C1E4D2C8A0F0001 /* MLXLLM */ = {
			isa = XCSwiftPackageProductDependency;
			package = 0C3B37E02FD1E09F0062165A /* XCRemoteSwiftPackageReference "mlx-swift-lm" */;
			productName = MLXLLM;
		};
		4D0C7B993C1E4D2C8A0F0002 /* MLXLMCommon */ = {
			isa = XCSwiftPackageProductDependency;
			package = 0C3B37E02FD1E09F0062165A /* XCRemoteSwiftPackageReference "mlx-swift-lm" */;
			productName = MLXLMCommon;
		};
		4D0C7B993C1E4D2C8A0F0003 /* MLXHuggingFace */ = {
			isa = XCSwiftPackageProductDependency;
			package = 0C3B37E02FD1E09F0062165A /* XCRemoteSwiftPackageReference "mlx-swift-lm" */;
			productName = MLXHuggingFace;
		};
		4D0C7B993C1E4D2C8A0F0004 /* HuggingFace */ = {
			isa = XCSwiftPackageProductDependency;
			package = 4D0C7B983C1E4D2C8A0F0002 /* XCRemoteSwiftPackageReference "swift-huggingface" */;
			productName = HuggingFace;
		};
		4D0C7B993C1E4D2C8A0F0005 /* Tokenizers */ = {
			isa = XCSwiftPackageProductDependency;
			package = 4D0C7B983C1E4D2C8A0F0003 /* XCRemoteSwiftPackageReference "swift-transformers" */;
			productName = Tokenizers;
		};
/* End XCSwiftPackageProductDependency section */
	};
	rootObject = 0C3B37A62FD1CF730062165A /* Project object */;
}
